{
  "name": "@spartan-hc/zomelets",
  "version": "0.1.0",
  "lockfileVersion": 3,
  "requires": true,
  "packages": {
    "": {
      "name": "@spartan-hc/zomelets",
      "version": "0.1.0",
      "license": "ISC",
      "devDependencies": {
        "@types/node": "^20.11.19",
        "typescript": "^5.3.3"
      }
    },
    "../../../projects-holo/holo-hash-js": {
      "name": "@spartan-hc/holo-hash",
      "version": "0.6.1",
      "extraneous": true,
      "license": "ISC",
      "dependencies": {
        "@whi/xor-digest": "^0.1.0"
      },
      "devDependencies": {
        "@whi/weblogger": "^0.1.6",
        "chai": "^4.3.4",
        "mocha": "^9.2.2",
        "typescript": "^5.3.3",
        "webpack": "^5.78.0",
        "webpack-cli": "^4.7.2"
      }
    },
    "../../../projects/js-weblogger": {
      "name": "@whi/weblogger",
      "version": "0.2.1",
      "extraneous": true,
      "license": "ISC",
      "devDependencies": {
        "chai": "^4.3.4",
        "mocha": "^10.0.0",
        "node-localstorage": "^2.2.1",
        "typescript": "^5.3.3",
        "webpack": "^5.76.2",
        "webpack-cli": "^4.8.0"
      }
    },
    "../../projects/js-weblogger": {
      "name": "@whi/weblogger",
      "version": "0.3.0",
      "extraneous": true,
      "license": "ISC",
      "devDependencies": {
        "chai": "^4.3.4",
        "mocha": "^10.0.0",
        "node-localstorage": "^2.2.1",
        "typescript": "^5.3.3",
        "webpack": "^5.76.2",
        "webpack-cli": "^4.8.0"
      }
    },
    "../holo-hash-js": {
      "name": "@spartan-hc/holo-hash",
      "version": "0.6.1",
      "extraneous": true,
      "license": "ISC",
      "dependencies": {
        "@whi/xor-digest": "^0.1.0"
      },
      "devDependencies": {
        "@whi/weblogger": "^0.1.6",
        "chai": "^4.3.4",
        "mocha": "^9.2.2",
        "typescript": "^5.3.3",
        "webpack": "^5.78.0",
        "webpack-cli": "^4.7.2"
      }
    },
    "../holochain-serialization-js": {
      "name": "@spartan-hc/holochain-serialization",
      "version": "0.1.4",
      "extraneous": true,
      "license": "ISC",
      "dependencies": {
        "@msgpack/msgpack": "^2.7.0"
      },
      "devDependencies": {
        "@holochain/serialization": "0.1.0-beta-rc.3",
        "@spartan-hc/holo-hash": "^0.5.4",
        "@whi/weblogger": "^0.1.6",
        "chai": "^4.3.4",
        "mocha": "^10.1.0",
        "typescript": "^5.3.3",
        "webpack": "^5.76.3",
        "webpack-cli": "^4.7.2"
      }
    },
    "../holochain-websocket-js": {
      "name": "@spartan-hc/holochain-websocket",
      "version": "1.0.1",
      "extraneous": true,
      "license": "ISC",
      "dependencies": {
        "@msgpack/msgpack": "^2.7.0",
        "@spartan-hc/holo-hash": "file:../holo-hash-js",
        "@whi/promise-timeout": "^0.1.1",
        "emittery": "^1.0.1",
        "ws": "^8.16.0"
      },
      "devDependencies": {
        "@holochain/serialization": "0.1.0-beta-rc.3",
        "@spartan-hc/holochain-backdrop": "^2.2.2",
        "@whi/http": "^0.2.3",
        "@whi/json": "^0.1.3",
        "@whi/weblogger": "^0.1.6",
        "chai": "^4.3.4",
        "mocha": "^10.1.0",
        "puppeteer": "^19.8.5",
        "tweetnacl": "^1.0.3",
        "typescript": "^5.3.3",
        "webpack": "^5.76.3",
        "webpack-cli": "^4.7.2",
        "why-is-node-running": "^2.2.0"
      }
    },
    "../node-holochain-backdrop": {
      "name": "@spartan-hc/holochain-backdrop",
      "version": "3.0.0",
      "extraneous": true,
      "license": "ISC",
      "dependencies": {
        "@spartan-hc/holo-hash": "^0.6.1",
        "@spartan-hc/holochain-admin-client": "^1.0.0",
        "@whi/promise-timeout": "^0.2.2",
        "@whi/subprocess": "^0.2.1",
        "@whi/weblogger": "^0.2.1",
        "commander": "^8.0.0",
        "get-port": "^5.1.1",
        "ws": "^8.11.0",
        "yaml": "^1.10.2"
      },
      "bin": {
        "holochain-backdrop": "bin/hc-backdrop-cli.js"
      },
      "devDependencies": {
        "@types/node": "^20.11.17",
        "@whi/json": "^0.1.7",
        "chai": "^4.3.4",
        "mocha": "^10.1.0",
        "typescript": "^5.3.3",
        "why-is-node-running": "^2.2.0"
      }
    },
    "node_modules/@types/node": {
      "version": "20.11.19",
      "resolved": "https://registry.npmjs.org/@types/node/-/node-20.11.19.tgz",
      "integrity": "sha512-7xMnVEcZFu0DikYjWOlRq7NTPETrm7teqUT2WkQjrTIkEgUyyGdWsj/Zg8bEJt5TNklzbPD1X3fqfsHw3SpapQ==",
      "dev": true,
      "dependencies": {
        "undici-types": "~5.26.4"
      }
    },
    "node_modules/typescript": {
      "version": "5.3.3",
      "resolved": "https://registry.npmjs.org/typescript/-/typescript-5.3.3.tgz",
      "integrity": "sha512-pXWcraxM0uxAS+tN0AG/BF2TyqmHO014Z070UsJ+pFvYuRSq8KH8DmWpnbXe0pEPDHXZV3FcAbJkijJ5oNEnWw==",
      "dev": true,
      "bin": {
        "tsc": "bin/tsc",
        "tsserver": "bin/tsserver"
      },
      "engines": {
        "node": ">=14.17"
      }
    },
    "node_modules/undici-types": {
      "version": "5.26.5",
      "resolved": "https://registry.npmjs.org/undici-types/-/undici-types-5.26.5.tgz",
      "integrity": "sha512-JlCMO+ehdEIKqlFxk6IfVoAUVmgz7cU7zD/h9XZ0qzeosSHmUJVOzSQvvYSYWXkFXC+IfLKSIffhv0sVZup6pA==",
      "dev": true
    }
  }
}
